// !$*UTF8*$!
{
	archiveVersion = 1;
	classes = {
	};
	objectVersion = 46;
	objects = {

/* Begin PBXBuildFile section */
		5AC554C81C77041E00894DBF /* main.m in Sources */ = {isa = PBXBuildFile; fileRef = 5AC554C71C77041E00894DBF /* main.m */; };
		5AC554CB1C77041E00894DBF /* AppDelegate.m in Sources */ = {isa = PBXBuildFile; fileRef = 5AC554CA1C77041E00894DBF /* AppDelegate.m */; };
		5AC554CE1C77041E00894DBF /* ViewController.m in Sources */ = {isa = PBXBuildFile; fileRef = 5AC554CD1C77041E00894DBF /* ViewController.m */; };
		5AC554D11C77041E00894DBF /* Main.storyboard in Resources */ = {isa = PBXBuildFile; fileRef = 5AC554CF1C77041E00894DBF /* Main.storyboard */; };
		5AC554D31C77041E00894DBF /* Assets.xcassets in Resources */ = {isa = PBXBuildFile; fileRef = 5AC554D21C77041E00894DBF /* Assets.xcassets */; };
		5AC554D61C77041E00894DBF /* LaunchScreen.storyboard in Resources */ = {isa = PBXBuildFile; fileRef = 5AC554D41C77041E00894DBF /* LaunchScreen.storyboard */; };
		5AC554E11C77041E00894DBF /* ApplePayTestTests.m in Sources */ = {isa = PBXBuildFile; fileRef = 5AC554E01C77041E00894DBF /* ApplePayTestTests.m */; };
		5AC554EC1C77041F00894DBF /* ApplePayTestUITests.m in Sources */ = {isa = PBXBuildFile; fileRef = 5AC554EB1C77041F00894DBF /* ApplePayTestUITests.m */; };
/* End PBXBuildFile section */

/* Begin PBXContainerItemProxy section */
		5AC554DD1C77041E00894DBF /* PBXContainerItemProxy */ = {
			isa = PBXContainerItemProxy;
			containerPortal = 5AC554BB1C77041E00894DBF /* Project object */;
			proxyType = 1;
			remoteGlobalIDString = 5AC554C21C77041E00894DBF;
			remoteInfo = ApplePayTest;
		};
		5AC554E81C77041F00894DBF /* PBXContainerItemProxy */ = {
			isa = PBXContainerItemProxy;
			containerPortal = 5AC554BB1C77041E00894DBF /* Project object */;
			proxyType = 1;
			remoteGlobalIDString = 5AC554C21C77041E00894DBF;
			remoteInfo = ApplePayTest;
		};
/* End PBXContainerItemProxy section */

/* Begin PBXFileReference section */
		5AC554C31C77041E00894DBF /* ApplePayTest.app */ = {isa = PBXFileReference; explicitFileType = wrapper.application; includeInIndex = 0; path = ApplePayTest.app; sourceTree = BUILT_PRODUCTS_DIR; };
		5AC554C71C77041E00894DBF /* main.m */ = {isa = PBXFileReference; lastKnownFileType = sourcecode.c.objc; path = main.m; sourceTree = "<group>"; };
		5AC554C91C77041E00894DBF /* AppDelegate.h */ = {isa = PBXFileReference; lastKnownFileType = sourcecode.c.h; path = AppDelegate.h; sourceTree = "<group>"; };
		5AC554CA1C77041E00894DBF /* AppDelegate.m */ = {isa = PBXFileReference; lastKnownFileType = sourcecode.c.objc; path = AppDelegate.m; sourceTree = "<group>"; };
		5AC554CC1C77041E00894DBF /* ViewController.h */ = {isa = PBXFileReference; lastKnownFileType = sourcecode.c.h; path = ViewController.h; sourceTree = "<group>"; };
		5AC554CD1C77041E00894DBF /* ViewController.m */ = {isa = PBXFileReference; lastKnownFileType = sourcecode.c.objc; path = ViewController.m; sourceTree = "<group>"; };
		5AC554D01C77041E00894DBF /* Base */ = {isa = PBXFileReference; lastKnownFileType = file.storyboard; name = Base; path = Base.lproj/Main.storyboard; sourceTree = "<group>"; };
		5AC554D21C77041E00894DBF /* Assets.xcassets */ = {isa = PBXFileReference; lastKnownFileType = folder.assetcatalog; path = Assets.xcassets; sourceTree = "<group>"; };
		5AC554D51C77041E00894DBF /* Base */ = {isa = PBXFileReference; lastKnownFileType = file.storyboard; name = Base; path = Base.lproj/LaunchScreen.storyboard; sourceTree = "<group>"; };
		5AC554D71C77041E00894DBF /* Info.plist */ = {isa = PBXFileReference; lastKnownFileType = text.plist.xml; path = Info.plist; sourceTree = "<group>"; };
		5AC554DC1C77041E00894DBF /* ApplePayTestTests.xctest */ = {isa = PBXFileReference; explicitFileType = wrapper.cfbundle; includeInIndex = 0; path = ApplePayTestTests.xctest; sourceTree = BUILT_PRODUCTS_DIR; };
		5AC554E01C77041E00894DBF /* ApplePayTestTests.m */ = {isa = PBXFileReference; lastKnownFileType = sourcecode.c.objc; path = ApplePayTestTests.m; sourceTree = "<group>"; };
		5AC554E21C77041E00894DBF /* Info.plist */ = {isa = PBXFileReference; lastKnownFileType = text.plist.xml; path = Info.plist; sourceTree = "<group>"; };
		5AC554E71C77041F00894DBF /* ApplePayTestUITests.xctest */ = {isa = PBXFileReference; explicitFileType = wrapper.cfbundle; includeInIndex = 0; path = ApplePayTestUITests.xctest; sourceTree = BUILT_PRODUCTS_DIR; };
		5AC554EB1C77041F00894DBF /* ApplePayTestUITests.m */ = {isa = PBXFileReference; lastKnownFileType = sourcecode.c.objc; path = ApplePayTestUITests.m; sourceTree = "<group>"; };
		5AC554ED1C77041F00894DBF /* Info.plist */ = {isa = PBXFileReference; lastKnownFileType = text.plist.xml; path = Info.plist; sourceTree = "<group>"; };
		5AC554F91C77042B00894DBF /* ApplePayTest.entitlements */ = {isa = PBXFileReference; lastKnownFileType = text.xml; path = ApplePayTest.entitlements; sourceTree = "<group>"; };
/* End PBXFileReference section */

/* Begin PBXFrameworksBuildPhase section */
		5AC554C01C77041E00894DBF /* Frameworks */ = {
			isa = PBXFrameworksBuildPhase;
			buildActionMask = 2147483647;
			files = (
			);
			runOnlyForDeploymentPostprocessing = 0;
		};
		5AC554D91C77041E00894DBF /* Frameworks */ = {
			isa = PBXFrameworksBuildPhase;
			buildActionMask = 2147483647;
			files = (
			);
			runOnlyForDeploymentPostprocessing = 0;
		};
		5AC554E41C77041E00894DBF /* Frameworks */ = {
			isa = PBXFrameworksBuildPhase;
			buildActionMask = 2147483647;
			files = (
			);
			runOnlyForDeploymentPostprocessing = 0;
		};
/* End PBXFrameworksBuildPhase section */

/* Begin PBXGroup section */
		5AC554BA1C77041E00894DBF = {
			isa = PBXGroup;
			children = (
				5AC554C51C77041E00894DBF /* ApplePayTest */,
				5AC554DF1C77041E00894DBF /* ApplePayTestTests */,
				5AC554EA1C77041F00894DBF /* ApplePayTestUITests */,
				5AC554C41C77041E00894DBF /* Products */,
			);
			sourceTree = "<group>";
		};
		5AC554C41C77041E00894DBF /* Products */ = {
			isa = PBXGroup;
			children = (
				5AC554C31C77041E00894DBF /* ApplePayTest.app */,
				5AC554DC1C77041E00894DBF /* ApplePayTestTests.xctest */,
				5AC554E71C77041F00894DBF /* ApplePayTestUITests.xctest */,
			);
			name = Products;
			sourceTree = "<group>";
		};
		5AC554C51C77041E00894DBF /* ApplePayTest */ = {
			isa = PBXGroup;
			children = (
				5AC554F91C77042B00894DBF /* ApplePayTest.entitlements */,
				5AC554C91C77041E00894DBF /* AppDelegate.h */,
				5AC554CA1C77041E00894DBF /* AppDelegate.m */,
				5AC554CC1C77041E00894DBF /* ViewController.h */,
				5AC554CD1C77041E00894DBF /* ViewController.m */,
				5AC554CF1C77041E00894DBF /* Main.storyboard */,
				5AC554D21C77041E00894DBF /* Assets.xcassets */,
				5AC554D41C77041E00894DBF /* LaunchScreen.storyboard */,
				5AC554D71C77041E00894DBF /* Info.plist */,
				5AC554C61C77041E00894DBF /* Supporting Files */,
			);
			path = ApplePayTest;
			sourceTree = "<group>";
		};
		5AC554C61C77041E00894DBF /* Supporting Files */ = {
			isa = PBXGroup;
			children = (
				5AC554C71C77041E00894DBF /* main.m */,
			);
			name = "Supporting Files";
			sourceTree = "<group>";
		};
		5AC554DF1C77041E00894DBF /* ApplePayTestTests */ = {
			isa = PBXGroup;
			children = (
				5AC554E01C77041E00894DBF /* ApplePayTestTests.m */,
				5AC554E21C77041E00894DBF /* Info.plist */,
			);
			path = ApplePayTestTests;
			sourceTree = "<group>";
		};
		5AC554EA1C77041F00894DBF /* ApplePayTestUITests */ = {
			isa = PBXGroup;
			children = (
				5AC554EB1C77041F00894DBF /* ApplePayTestUITests.m */,
				5AC554ED1C77041F00894DBF /* Info.plist */,
			);
			path = ApplePayTestUITests;
			sourceTree = "<group>";
		};
/* End PBXGroup section */

/* Begin PBXNativeTarget section */
		5AC554C21C77041E00894DBF /* ApplePayTest */ = {
			isa = PBXNativeTarget;
			buildConfigurationList = 5AC554F01C77041F00894DBF /* Build configuration list for PBXNativeTarget "ApplePayTest" */;
			buildPhases = (
				5AC554BF1C77041E00894DBF /* Sources */,
				5AC554C01C77041E00894DBF /* Frameworks */,
				5AC554C11C77041E00894DBF /* Resources */,
			);
			buildRules = (
			);
			dependencies = (
			);
			name = ApplePayTest;
			productName = ApplePayTest;
			productReference = 5AC554C31C77041E00894DBF /* ApplePayTest.app */;
			productType = "com.apple.product-type.application";
		};
		5AC554DB1C77041E00894DBF /* ApplePayTestTests */ = {
			isa = PBXNativeTarget;
			buildConfigurationList = 5AC554F31C77041F00894DBF /* Build configuration list for PBXNativeTarget "ApplePayTestTests" */;
			buildPhases = (
				5AC554D81C77041E00894DBF /* Sources */,
				5AC554D91C77041E00894DBF /* Frameworks */,
				5AC554DA1C77041E00894DBF /* Resources */,
			);
			buildRules = (
			);
			dependencies = (
				5AC554DE1C77041E00894DBF /* PBXTargetDependency */,
			);
			name = ApplePayTestTests;
			productName = ApplePayTestTests;
			productReference = 5AC554DC1C77041E00894DBF /* ApplePayTestTests.xctest */;
			productType = "com.apple.product-type.bundle.unit-test";
		};
		5AC554E61C77041E00894DBF /* ApplePayTestUITests */ = {
			isa = PBXNativeTarget;
			buildConfigurationList = 5AC554F61C77041F00894DBF /* Build configuration list for PBXNativeTarget "ApplePayTestUITests" */;
			buildPhases = (
				5AC554E31C77041E00894DBF /* Sources */,
				5AC554E41C77041E00894DBF /* Frameworks */,
				5AC554E51C77041E00894DBF /* Resources */,
			);
			buildRules = (
			);
			dependencies = (
				5AC554E91C77041F00894DBF /* PBXTargetDependency */,
			);
			name = ApplePayTestUITests;
			productName = ApplePayTestUITests;
			productReference = 5AC554E71C77041F00894DBF /* ApplePayTestUITests.xctest */;
			productType = "com.apple.product-type.bundle.ui-testing";
		};
/* End PBXNativeTarget section */

/* Begin PBXProject section */
		5AC554BB1C77041E00894DBF /* Project object */ = {
			isa = PBXProject;
			attributes = {
				LastUpgradeCheck = 0720;
				ORGANIZATIONNAME = Joky;
				TargetAttributes = {
					5AC554C21C77041E00894DBF = {
						CreatedOnToolsVersion = 7.2;
						DevelopmentTeam = 3M9VHC89Z9;
						SystemCapabilities = {
							com.apple.OMC = {
								enabled = 1;
							};
						};
					};
					5AC554DB1C77041E00894DBF = {
						CreatedOnToolsVersion = 7.2;
						TestTargetID = 5AC554C21C77041E00894DBF;
					};
					5AC554E61C77041E00894DBF = {
						CreatedOnToolsVersion = 7.2;
						TestTargetID = 5AC554C21C77041E00894DBF;
					};
				};
			};
			buildConfigurationList = 5AC554BE1C77041E00894DBF /* Build configuration list for PBXProject "ApplePayTest" */;
			compatibilityVersion = "Xcode 3.2";
			developmentRegion = English;
			hasScannedForEncodings = 0;
			knownRegions = (
				en,
				Base,
			);
			mainGroup = 5AC554BA1C77041E00894DBF;
			productRefGroup = 5AC554C41C77041E00894DBF /* Products */;
			projectDirPath = "";
			projectRoot = "";
			targets = (
				5AC554C21C77041E00894DBF /* ApplePayTest */,
				5AC554DB1C77041E00894DBF /* ApplePayTestTests */,
				5AC554E61C77041E00894DBF /* ApplePayTestUITests */,
			);
		};
/* End PBXProject section */

/* Begin PBXResourcesBuildPhase section */
		5AC554C11C77041E00894DBF /* Resources */ = {
			isa = PBXResourcesBuildPhase;
			buildActionMask = 2147483647;
			files = (
				5AC554D61C77041E00894DBF /* LaunchScreen.storyboard in Resources */,
				5AC554D31C77041E00894DBF /* Assets.xcassets in Resources */,
				5AC554D11C77041E00894DBF /* Main.storyboard in Resources */,
			);
			runOnlyForDeploymentPostprocessing = 0;
		};
		5AC554DA1C77041E00894DBF /* Resources */ = {
			isa = PBXResourcesBuildPhase;
			buildActionMask = 2147483647;
			files = (
			);
			runOnlyForDeploymentPostprocessing = 0;
		};
		5AC554E51C77041E00894DBF /* Resources */ = {
			isa = PBXResourcesBuildPhase;
			buildActionMask = 2147483647;
			files = (
			);
			runOnlyForDeploymentPostprocessing = 0;
		};
/* End PBXResourcesBuildPhase section */

/* Begin PBXSourcesBuildPhase section */
		5AC554BF1C77041E00894DBF /* Sources */ = {
			isa = PBXSourcesBuildPhase;
			buildActionMask = 2147483647;
			files = (
				5AC554CE1C77041E00894DBF /* ViewController.m in Sources */,
				5AC554CB1C77041E00894DBF /* AppDelegate.m in Sources */,
				5AC554C81C77041E00894DBF /* main.m in Sources */,
			);
			runOnlyForDeploymentPostprocessing = 0;
		};
		5AC554D81C77041E00894DBF /* Sources */ = {
			isa = PBXSourcesBuildPhase;
			buildActionMask = 2147483647;
			files = (
				5AC554E11C77041E00894DBF /* ApplePayTestTests.m in Sources */,
			);
			runOnlyForDeploymentPostprocessing = 0;
		};
		5AC554E31C77041E00894DBF /* Sources */ = {
			isa = PBXSourcesBuildPhase;
			buildActionMask = 2147483647;
			files = (
				5AC554EC1C77041F00894DBF /* ApplePayTestUITests.m in Sources */,
			);
			runOnlyForDeploymentPostprocessing = 0;
		};
/* End PBXSourcesBuildPhase section */

/* Begin PBXTargetDependency section */
		5AC554DE1C77041E00894DBF /* PBXTargetDependency */ = {
			isa = PBXTargetDependency;
			target = 5AC554C21C77041E00894DBF /* ApplePayTest */;
			targetProxy = 5AC554DD1C77041E00894DBF /* PBXContainerItemProxy */;
		};
		5AC554E91C77041F00894DBF /* PBXTargetDependency */ = {
			isa = PBXTargetDependency;
			target = 5AC554C21C77041E00894DBF /* ApplePayTest */;
			targetProxy = 5AC554E81C77041F00894DBF /* PBXContainerItemProxy */;
		};
/* End PBXTargetDependency section */

/* Begin PBXVariantGroup section */
		5AC554CF1C77041E00894DBF /* Main.storyboard */ = {
			isa = PBXVariantGroup;
			children = (
				5AC554D01C77041E00894DBF /* Base */,
			);
			name = Main.storyboard;
			sourceTree = "<group>";
		};
		5AC554D41C77041E00894DBF /* LaunchScreen.storyboard */ = {
			isa = PBXVariantGroup;
			children = (
				5AC554D51C77041E00894DBF /* Base */,
			);
			name = LaunchScreen.storyboard;
			sourceTree = "<group>";
		};
/* End PBXVariantGroup section */

/* Begin XCBuildConfiguration section */
		5AC554EE1C77041F00894DBF /* Debug */ = {
			isa = XCBuildConfiguration;
			buildSettings = {
				ALWAYS_SEARCH_USER_PATHS = NO;
				CLANG_CXX_LANGUAGE_STANDARD = "gnu++0x";
				CLANG_CXX_LIBRARY = "libc++";
				CLANG_ENABLE_MODULES = YES;
				CLANG_ENABLE_OBJC_ARC = YES;
				CLANG_WARN_BOOL_CONVERSION = YES;
				CLANG_WARN_CONSTANT_CONVERSION = YES;
				CLANG_WARN_DIRECT_OBJC_ISA_USAGE = YES_ERROR;
				CLANG_WARN_EMPTY_BODY = YES;
				CLANG_WARN_ENUM_CONVERSION = YES;
				CLANG_WARN_INT_CONVERSION = YES;
				CLANG_WARN_OBJC_ROOT_CLASS = YES_ERROR;
				CLANG_WARN_UNREACHABLE_CODE = YES;
				CLANG_WARN__DUPLICATE_METHOD_MATCH = YES;
				"CODE_SIGN_IDENTITY[sdk=iphoneos*]" = "iPhone Developer";
				COPY_PHASE_STRIP = NO;
				DEBUG_INFORMATION_FORMAT = dwarf;
				ENABLE_STRICT_OBJC_MSGSEND = YES;
				ENABLE_TESTABILITY = YES;
				GCC_C_LANGUAGE_STANDARD = gnu99;
				GCC_DYNAMIC_NO_PIC = NO;
				GCC_NO_COMMON_BLOCKS = YES;
				GCC_OPTIMIZATION_LEVEL = 0;
				GCC_PREPROCESSOR_DEFINITIONS = (
					"DEBUG=1",
					"$(inherited)",
				);
				GCC_WARN_64_TO_32_BIT_CONVERSION = YES;
				GCC_WARN_ABOUT_RETURN_TYPE = YES_ERROR;
				GCC_WARN_UNDECLARED_SELECTOR = YES;
				GCC_WARN_UNINITIALIZED_AUTOS = YES_AGGRESSIVE;
				GCC_WARN_UNUSED_FUNCTION = YES;
				GCC_WARN_UNUSED_VARIABLE = YES;
				IPHONEOS_DEPLOYMENT_TARGET = 9.2;
				MTL_ENABLE_DEBUG_INFO = YES;
				ONLY_ACTIVE_ARCH = YES;
				SDKROOT = iphoneos;
				TARGETED_DEVICE_FAMILY = "1,2";
			};
			name = Debug;
		};
		5AC554EF1C77041F00894DBF /* Release */ = {
			isa = XCBuildConfiguration;
			buildSettings = {
				ALWAYS_SEARCH_USER_PATHS = NO;
				CLANG_CXX_LANGUAGE_STANDARD = "gnu++0x";
				CLANG_CXX_LIBRARY = "libc++";
				CLANG_ENABLE_MODULES = YES;
				CLANG_ENABLE_OBJC_ARC = YES;
				CLANG_WARN_BOOL_CONVERSION = YES;
				CLANG_WARN_CONSTANT_CONVERSION = YES;
				CLANG_WARN_DIRECT_OBJC_ISA_USAGE = YES_ERROR;
				CLANG_WARN_EMPTY_BODY = YES;
				CLANG_WARN_ENUM_CONVERSION = YES;
				CLANG_WARN_INT_CONVERSION = YES;
				CLANG_WARN_OBJC_ROOT_CLASS = YES_ERROR;
				CLANG_WARN_UNREACHABLE_CODE = YES;
				CLANG_WARN__DUPLICATE_METHOD_MATCH = YES;
				"CODE_SIGN_IDENTITY[sdk=iphoneos*]" = "iPhone Developer";
				COPY_PHASE_STRIP = NO;
				DEBUG_INFORMATION_FORMAT = "dwarf-with-dsym";
				ENABLE_NS_ASSERTIONS = NO;
				ENABLE_STRICT_OBJC_MSGSEND = YES;
				GCC_C_LANGUAGE_STANDARD = gnu99;
				GCC_NO_COMMON_BLOCKS = YES;
				GCC_WARN_64_TO_32_BIT_CONVERSION = YES;
				GCC_WARN_ABOUT_RETURN_TYPE = YES_ERROR;
				GCC_WARN_UNDECLARED_SELECTOR = YES;
				GCC_WARN_UNINITIALIZED_AUTOS = YES_AGGRESSIVE;
				GCC_WARN_UNUSED_FUNCTION = YES;
				GCC_WARN_UNUSED_VARIABLE = YES;
				IPHONEOS_DEPLOYMENT_TARGET = 9.2;
				MTL_ENABLE_DEBUG_INFO = NO;
				SDKROOT = iphoneos;
				TARGETED_DEVICE_FAMILY = "1,2";
				VALIDATE_PRODUCT = YES;
			};
			name = Release;
		};
		5AC554F11C77041F00894DBF /* Debug */ = {
			isa = XCBuildConfiguration;
			buildSettings = {
				ASSETCATALOG_COMPILER_APPICON_NAME = AppIcon;
				CODE_SIGN_ENTITLEMENTS = ApplePayTest/ApplePayTest.entitlements;
				CODE_SIGN_IDENTITY = "iPhone Developer";
				"CODE_SIGN_IDENTITY[sdk=iphoneos*]" = "iPhone Developer";
				INFOPLIST_FILE = ApplePayTest/Info.plist;
				LD_RUNPATH_SEARCH_PATHS = "$(inherited) @executable_path/Frameworks";
				PRODUCT_BUNDLE_IDENTIFIER = Joky.ApplePayTest;
				PRODUCT_NAME = "$(TARGET_NAME)";
				PROVISIONING_PROFILE = "";
			};
			name = Debug;
		};
		5AC554F21C77041F00894DBF /* Release */ = {
			isa = XCBuildConfiguration;
			buildSettings = {
				ASSETCATALOG_COMPILER_APPICON_NAME = AppIcon;
				CODE_SIGN_ENTITLEMENTS = ApplePayTest/ApplePayTest.entitlements;
				CODE_SIGN_IDENTITY = "iPhone Developer";
				"CODE_SIGN_IDENTITY[sdk=iphoneos*]" = "iPhone Developer";
				INFOPLIST_FILE = ApplePayTest/Info.plist;
				LD_RUNPATH_SEARCH_PATHS = "$(inherited) @executable_path/Frameworks";
				PRODUCT_BUNDLE_IDENTIFIER = Joky.ApplePayTest;
				PRODUCT_NAME = "$(TARGET_NAME)";
				PROVISIONING_PROFILE = "";
			};
			name = Release;
		};
		5AC554F41C77041F00894DBF /* Debug */ = {
			isa = XCBuildConfiguration;
			buildSettings = {
				BUNDLE_LOADER = "$(TEST_HOST)";
				INFOPLIST_FILE = ApplePayTestTests/Info.plist;
				LD_RUNPATH_SEARCH_PATHS = "$(inherited) @executable_path/Frameworks @loader_path/Frameworks";
				PRODUCT_BUNDLE_IDENTIFIER = Joky.ApplePayTestTests;
				PRODUCT_NAME = "$(TARGET_NAME)";
				TEST_HOST = "$(BUILT_PRODUCTS_DIR)/ApplePayTest.app/ApplePayTest";
			};
			name = Debug;
		};
		5AC554F51C77041F00894DBF /* Release */ = {
			isa = XCBuildConfiguration;
			buildSettings = {
				BUNDLE_LOADER = "$(TEST_HOST)";
				INFOPLIST_FILE = ApplePayTestTests/Info.plist;
				LD_RUNPATH_SEARCH_PATHS = "$(inherited) @executable_path/Frameworks @loader_path/Frameworks";
				PRODUCT_BUNDLE_IDENTIFIER = Joky.ApplePayTestTests;
				PRODUCT_NAME = "$(TARGET_NAME)";
				TEST_HOST = "$(BUILT_PRODUCTS_DIR)/ApplePayTest.app/ApplePayTest";
			};
			name = Release;
		};
		5AC554F71C77041F00894DBF /* Debug */ = {
			isa = XCBuildConfiguration;
			buildSettings = {
				INFOPLIST_FILE = ApplePayTestUITests/Info.plist;
				LD_RUNPATH_SEARCH_PATHS = "$(inherited) @executable_path/Frameworks @loader_path/Frameworks";
				PRODUCT_BUNDLE_IDENTIFIER = Joky.ApplePayTestUITests;
				PRODUCT_NAME = "$(TARGET_NAME)";
				TEST_TARGET_NAME = ApplePayTest;
				USES_XCTRUNNER = YES;
			};
			name = Debug;
		};
		5AC554F81C77041F00894DBF /* Release */ = {
			isa = XCBuildConfiguration;
			buildSettings = {
				INFOPLIST_FILE = ApplePayTestUITests/Info.plist;
				LD_RUNPATH_SEARCH_PATHS = "$(inherited) @executable_path/Frameworks @loader_path/Frameworks";
				PRODUCT_BUNDLE_IDENTIFIER = Joky.ApplePayTestUITests;
				PRODUCT_NAME = "$(TARGET_NAME)";
				TEST_TARGET_NAME = ApplePayTest;
				USES_XCTRUNNER = YES;
			};
			name = Release;
		};
/* End XCBuildConfiguration section */

/* Begin XCConfigurationList section */
		5AC554BE1C77041E00894DBF /* Build configuration list for PBXProject "ApplePayTest" */ = {
			isa = XCConfigurationList;
			buildConfigurations = (
				5AC554EE1C77041F00894DBF /* Debug */,
				5AC554EF1C77041F00894DBF /* Release */,
			);
			defaultConfigurationIsVisible = 0;
			defaultConfigurationName = Release;
		};
		5AC554F01C77041F00894DBF /* Build configuration list for PBXNativeTarget "ApplePayTest" */ = {
			isa = XCConfigurationList;
			buildConfigurations = (
				5AC554F11C77041F00894DBF /* Debug */,
				5AC554F21C77041F00894DBF /* Release */,
			);
			defaultConfigurationIsVisible = 0;
		};
		5AC554F31C77041F00894DBF /* Build configuration list for PBXNativeTarget "ApplePayTestTests" */ = {
			isa = XCConfigurationList;
			buildConfigurations = (
				5AC554F41C77041F00894DBF /* Debug */,
				5AC554F51C77041F00894DBF /* Release */,
			);
			defaultConfigurationIsVisible = 0;
		};
		5AC554F61C77041F00894DBF /* Build configuration list for PBXNativeTarget "ApplePayTestUITests" */ = {
			isa = XCConfigurationList;
			buildConfigurations = (
				5AC554F71C77041F00894DBF /* Debug */,
				5AC554F81C77041F00894DBF /* Release */,
			);
			defaultConfigurationIsVisible = 0;
		};
/* End XCConfigurationList section */
	};
	rootObject = 5AC554BB1C77041E00894DBF /* Project object */;
}
